
Microsoft Visual Studio Solution File, Format Version 11.00
# Visual Studio 2010
Project("{FAE04EC0-301F-11D3-BF4B-00C04F79EFBC}") = "Fusion", "Fusion\Fusion.csproj", "{ADAB4315-5A92-4F9B-A04F-AD2DBA3AB424}"
	ProjectSection(ProjectDependencies) = postProject
		{272B562C-F45F-4DAE-A585-3AFE15A07401} = {272B562C-F45F-4DAE-A585-3AFE15A07401}
	EndProjectSection
EndProject
Project("{FAE04EC0-301F-11D3-BF4B-00C04F79EFBC}") = "Fusion.PE", "Fusion.PE\Fusion.PE.csproj", "{1BBCA9CF-29B6-4C37-BE4C-DA34FEB55F8D}"
EndProject
Project("{FAE04EC0-301F-11D3-BF4B-00C04F79EFBC}") = "Fusion.CORLibrary", "Fusion.CORLibrary\Fusion.CORLibrary.csproj", "{65BB3BE8-835E-4196-BF11-5227901629CF}"
EndProject
Project("{FAE04EC0-301F-11D3-BF4B-00C04F79EFBC}") = "Fusion.Test", "Fusion.Test\Fusion.Test.csproj", "{272B562C-F45F-4DAE-A585-3AFE15A07401}"
EndProject
Global
	GlobalSection(SolutionConfigurationPlatforms) = preSolution
		Debug|Any CPU = Debug|Any CPU
		Debug|Mixed Platforms = Debug|Mixed Platforms
		Debug|x86 = Debug|x86
		Release|Any CPU = Release|Any CPU
		Release|Mixed Platforms = Release|Mixed Platforms
		Release|x86 = Release|x86
	EndGlobalSection
	GlobalSection(ProjectConfigurationPlatforms) = postSolution
		{ADAB4315-5A92-4F9B-A04F-AD2DBA3AB424}.Debug|Any CPU.ActiveCfg = Debug|x86
		{ADAB4315-5A92-4F9B-A04F-AD2DBA3AB424}.Debug|Mixed Platforms.ActiveCfg = Debug|x86
		{ADAB4315-5A92-4F9B-A04F-AD2DBA3AB424}.Debug|Mixed Platforms.Build.0 = Debug|x86
		{ADAB4315-5A92-4F9B-A04F-AD2DBA3AB424}.Debug|x86.ActiveCfg = Debug|x86
		{ADAB4315-5A92-4F9B-A04F-AD2DBA3AB424}.Debug|x86.Build.0 = Debug|x86
		{ADAB4315-5A92-4F9B-A04F-AD2DBA3AB424}.Release|Any CPU.ActiveCfg = Release|x86
		{ADAB4315-5A92-4F9B-A04F-AD2DBA3AB424}.Release|Mixed Platforms.ActiveCfg = Release|x86
		{ADAB4315-5A92-4F9B-A04F-AD2DBA3AB424}.Release|Mixed Platforms.Build.0 = Release|x86
		{ADAB4315-5A92-4F9B-A04F-AD2DBA3AB424}.Release|x86.ActiveCfg = Release|x86
		{ADAB4315-5A92-4F9B-A04F-AD2DBA3AB424}.Release|x86.Build.0 = Release|x86
		{1BBCA9CF-29B6-4C37-BE4C-DA34FEB55F8D}.Debug|Any CPU.ActiveCfg = Debug|Any CPU
		{1BBCA9CF-29B6-4C37-BE4C-DA34FEB55F8D}.Debug|Any CPU.Build.0 = Debug|Any CPU
		{1BBCA9CF-29B6-4C37-BE4C-DA34FEB55F8D}.Debug|Mixed Platforms.ActiveCfg = Debug|Any CPU
		{1BBCA9CF-29B6-4C37-BE4C-DA34FEB55F8D}.Debug|Mixed Platforms.Build.0 = Debug|Any CPU
		{1BBCA9CF-29B6-4C37-BE4C-DA34FEB55F8D}.Debug|x86.ActiveCfg = Debug|Any CPU
		{1BBCA9CF-29B6-4C37-BE4C-DA34FEB55F8D}.Release|Any CPU.ActiveCfg = Release|Any CPU
		{1BBCA9CF-29B6-4C37-BE4C-DA34FEB55F8D}.Release|Any CPU.Build.0 = Release|Any CPU
		{1BBCA9CF-29B6-4C37-BE4C-DA34FEB55F8D}.Release|Mixed Platforms.ActiveCfg = Release|Any CPU
		{1BBCA9CF-29B6-4C37-BE4C-DA34FEB55F8D}.Release|Mixed Platforms.Build.0 = Release|Any CPU
		{1BBCA9CF-29B6-4C37-BE4C-DA34FEB55F8D}.Release|x86.ActiveCfg = Release|Any CPU
		{65BB3BE8-835E-4196-BF11-5227901629CF}.Debug|Any CPU.ActiveCfg = Debug|Any CPU
		{65BB3BE8-835E-4196-BF11-5227901629CF}.Debug|Any CPU.Build.0 = Debug|Any CPU
		{65BB3BE8-835E-4196-BF11-5227901629CF}.Debug|Mixed Platforms.ActiveCfg = Debug|Any CPU
		{65BB3BE8-835E-4196-BF11-5227901629CF}.Debug|Mixed Platforms.Build.0 = Debug|Any CPU
		{65BB3BE8-835E-4196-BF11-5227901629CF}.Debug|x86.ActiveCfg = Debug|Any CPU
		{65BB3BE8-835E-4196-BF11-5227901629CF}.Release|Any CPU.ActiveCfg = Release|Any CPU
		{65BB3BE8-835E-4196-BF11-5227901629CF}.Release|Any CPU.Build.0 = Release|Any CPU
		{65BB3BE8-835E-4196-BF11-5227901629CF}.Release|Mixed Platforms.ActiveCfg = Release|Any CPU
		{65BB3BE8-835E-4196-BF11-5227901629CF}.Release|Mixed Platforms.Build.0 = Release|Any CPU
		{65BB3BE8-835E-4196-BF11-5227901629CF}.Release|x86.ActiveCfg = Release|Any CPU
		{272B562C-F45F-4DAE-A585-3AFE15A07401}.Debug|Any CPU.ActiveCfg = Debug|x86
		{272B562C-F45F-4DAE-A585-3AFE15A07401}.Debug|Mixed Platforms.ActiveCfg = Debug|x86
		{272B562C-F45F-4DAE-A585-3AFE15A07401}.Debug|Mixed Platforms.Build.0 = Debug|x86
		{272B562C-F45F-4DAE-A585-3AFE15A07401}.Debug|x86.ActiveCfg = Debug|x86
		{272B562C-F45F-4DAE-A585-3AFE15A07401}.Debug|x86.Build.0 = Debug|x86
		{272B562C-F45F-4DAE-A585-3AFE15A07401}.Release|Any CPU.ActiveCfg = Release|x86
		{272B562C-F45F-4DAE-A585-3AFE15A07401}.Release|Mixed Platforms.ActiveCfg = Release|x86
		{272B562C-F45F-4DAE-A585-3AFE15A07401}.Release|Mixed Platforms.Build.0 = Release|x86
		{272B562C-F45F-4DAE-A585-3AFE15A07401}.Release|x86.ActiveCfg = Release|x86
		{272B562C-F45F-4DAE-A585-3AFE15A07401}.Release|x86.Build.0 = Release|x86
	EndGlobalSection
	GlobalSection(SolutionProperties) = preSolution
		HideSolutionNode = FALSE
	EndGlobalSection
EndGlobal
